
Microsoft Visual Studio Solution File, Format Version 12.00
# Visual Studio 15
VisualStudioVersion = 15.0.27130.2036
MinimumVisualStudioVersion = 10.0.40219.1
Project("{FAE04EC0-301F-11D3-BF4B-00C04F79EFBC}") = "NmmInfo", "NmmInfo\NmmInfo.csproj", "{68F4324C-7EB7-4E9B-9BBC-6436417AC829}"
EndProject
Global
	GlobalSection(SolutionConfigurationPlatforms) = preSolution
		Debug|Any CPU = Debug|Any CPU
		Release|Any CPU = Release|Any CPU
	EndGlobalSection
	GlobalSection(ProjectConfigurationPlatforms) = postSolution
		{68F4324C-7EB7-4E9B-9BBC-6436417AC829}.Debug|Any CPU.ActiveCfg = Debug|Any CPU
		{68F4324C-7EB7-4E9B-9BBC-6436417AC829}.Debug|Any CPU.Build.0 = Debug|Any CPU
		{68F4324C-7EB7-4E9B-9BBC-6436417AC829}.Release|Any CPU.ActiveCfg = Release|Any CPU
		{68F4324C-7EB7-4E9B-9BBC-6436417AC829}.Release|Any CPU.Build.0 = Release|Any CPU
	EndGlobalSection
	GlobalSection(SolutionProperties) = preSolution
		HideSolutionNode = FALSE
	EndGlobalSection
	GlobalSection(ExtensibilityGlobals) = postSolution
		SolutionGuid = {038B4C96-9C6D-4024-9BA8-FF0D3AB33BD2}
	EndGlobalSection
EndGlobal
